
Microsoft Visual Studio Solution File, Format Version 12.00
# Visual Studio 15
Project("{FAE04EC0-301F-11D3-BF4B-00C04F79EFBC}") = "Assembly-CSharp", "Assembly-CSharp.csproj", "{D7D51FF1-637A-08AB-43EC-90A3EE2DFEEB}"
EndProject
Project("{FAE04EC0-301F-11D3-BF4B-00C04F79EFBC}") = "Bunny83.simpleJson", "Bunny83.simpleJson.csproj", "{23C63051-263E-7032-FA08-49877E2740E6}"
EndProject
Global
	GlobalSection(SolutionConfigurationPlatforms) = preSolution
		Debug|Any CPU = Debug|Any CPU
		Release|Any CPU = Release|Any CPU
	EndGlobalSection
	GlobalSection(ProjectConfigurationPlatforms) = postSolution
		{D7D51FF1-637A-08AB-43EC-90A3EE2DFEEB}.Debug|Any CPU.ActiveCfg = Debug|Any CPU
		{D7D51FF1-637A-08AB-43EC-90A3EE2DFEEB}.Debug|Any CPU.Build.0 = Debug|Any CPU
		{D7D51FF1-637A-08AB-43EC-90A3EE2DFEEB}.Release|Any CPU.ActiveCfg = Release|Any CPU
		{D7D51FF1-637A-08AB-43EC-90A3EE2DFEEB}.Release|Any CPU.Build.0 = Release|Any CPU
		{23C63051-263E-7032-FA08-49877E2740E6}.Debug|Any CPU.ActiveCfg = Debug|Any CPU
		{23C63051-263E-7032-FA08-49877E2740E6}.Debug|Any CPU.Build.0 = Debug|Any CPU
		{23C63051-263E-7032-FA08-49877E2740E6}.Release|Any CPU.ActiveCfg = Release|Any CPU
		{23C63051-263E-7032-FA08-49877E2740E6}.Release|Any CPU.Build.0 = Release|Any CPU
	EndGlobalSection
	GlobalSection(SolutionProperties) = preSolution
		HideSolutionNode = FALSE
	EndGlobalSection
EndGlobal
